// !$*UTF8*$!
{
	archiveVersion = 1;
	classes = {
	};
	objectVersion = 46;
	objects = {

/* Begin PBXBuildFile section */
		223A3D751D5462FF00A87188 /* AppDelegate.swift in Sources */ = {isa = PBXBuildFile; fileRef = 223A3D741D5462FF00A87188 /* AppDelegate.swift */; };
		223A3D771D5462FF00A87188 /* ViewController.swift in Sources */ = {isa = PBXBuildFile; fileRef = 223A3D761D5462FF00A87188 /* ViewController.swift */; };
		223A3D7A1D5462FF00A87188 /* Main.storyboard in Resources */ = {isa = PBXBuildFile; fileRef = 223A3D781D5462FF00A87188 /* Main.storyboard */; };
		223A3D7C1D5462FF00A87188 /* Assets.xcassets in Resources */ = {isa = PBXBuildFile; fileRef = 223A3D7B1D5462FF00A87188 /* Assets.xcassets */; };
		223A3D7F1D5462FF00A87188 /* LaunchScreen.storyboard in Resources */ = {isa = PBXBuildFile; fileRef = 223A3D7D1D5462FF00A87188 /* LaunchScreen.storyboard */; };
		223A3D8A1D54630000A87188 /* FaceTests.swift in Sources */ = {isa = PBXBuildFile; fileRef = 223A3D891D54630000A87188 /* FaceTests.swift */; };
		223A3D951D54630000A87188 /* FaceUITests.swift in Sources */ = {isa = PBXBuildFile; fileRef = 223A3D941D54630000A87188 /* FaceUITests.swift */; };
		223A3DA31D54635000A87188 /* FaceView.swift in Sources */ = {isa = PBXBuildFile; fileRef = 223A3DA21D54635000A87188 /* FaceView.swift */; };
		226280401D586234000252B3 /* Expression.swift in Sources */ = {isa = PBXBuildFile; fileRef = 2262803F1D586234000252B3 /* Expression.swift */; };
/* End PBXBuildFile section */

/* Begin PBXContainerItemProxy section */
		223A3D861D54630000A87188 /* PBXContainerItemProxy */ = {
			isa = PBXContainerItemProxy;
			containerPortal = 223A3D691D5462FF00A87188 /* Project object */;
			proxyType = 1;
			remoteGlobalIDString = 223A3D701D5462FF00A87188;
			remoteInfo = Face;
		};
		223A3D911D54630000A87188 /* PBXContainerItemProxy */ = {
			isa = PBXContainerItemProxy;
			containerPortal = 223A3D691D5462FF00A87188 /* Project object */;
			proxyType = 1;
			remoteGlobalIDString = 223A3D701D5462FF00A87188;
			remoteInfo = Face;
		};
/* End PBXContainerItemProxy section */

/* Begin PBXFileReference section */
		223A3D711D5462FF00A87188 /* Face.app */ = {isa = PBXFileReference; explicitFileType = wrapper.application; includeInIndex = 0; path = Face.app; sourceTree = BUILT_PRODUCTS_DIR; };
		223A3D741D5462FF00A87188 /* AppDelegate.swift */ = {isa = PBXFileReference; lastKnownFileType = sourcecode.swift; path = AppDelegate.swift; sourceTree = "<group>"; };
		223A3D761D5462FF00A87188 /* ViewController.swift */ = {isa = PBXFileReference; lastKnownFileType = sourcecode.swift; path = ViewController.swift; sourceTree = "<group>"; };
		223A3D791D5462FF00A87188 /* Base */ = {isa = PBXFileReference; lastKnownFileType = file.storyboard; name = Base; path = Base.lproj/Main.storyboard; sourceTree = "<group>"; };
		223A3D7B1D5462FF00A87188 /* Assets.xcassets */ = {isa = PBXFileReference; lastKnownFileType = folder.assetcatalog; path = Assets.xcassets; sourceTree = "<group>"; };
		223A3D7E1D5462FF00A87188 /* Base */ = {isa = PBXFileReference; lastKnownFileType = file.storyboard; name = Base; path = Base.lproj/LaunchScreen.storyboard; sourceTree = "<group>"; };
		223A3D801D5462FF00A87188 /* Info.plist */ = {isa = PBXFileReference; lastKnownFileType = text.plist.xml; path = Info.plist; sourceTree = "<group>"; };
		223A3D851D54630000A87188 /* FaceTests.xctest */ = {isa = PBXFileReference; explicitFileType = wrapper.cfbundle; includeInIndex = 0; path = FaceTests.xctest; sourceTree = BUILT_PRODUCTS_DIR; };
		223A3D891D54630000A87188 /* FaceTests.swift */ = {isa = PBXFileReference; lastKnownFileType = sourcecode.swift; path = FaceTests.swift; sourceTree = "<group>"; };
		223A3D8B1D54630000A87188 /* Info.plist */ = {isa = PBXFileReference; lastKnownFileType = text.plist.xml; path = Info.plist; sourceTree = "<group>"; };
		223A3D901D54630000A87188 /* FaceUITests.xctest */ = {isa = PBXFileReference; explicitFileType = wrapper.cfbundle; includeInIndex = 0; path = FaceUITests.xctest; sourceTree = BUILT_PRODUCTS_DIR; };
		223A3D941D54630000A87188 /* FaceUITests.swift */ = {isa = PBXFileReference; lastKnownFileType = sourcecode.swift; path = FaceUITests.swift; sourceTree = "<group>"; };
		223A3D961D54630000A87188 /* Info.plist */ = {isa = PBXFileReference; lastKnownFileType = text.plist.xml; path = Info.plist; sourceTree = "<group>"; };
		223A3DA21D54635000A87188 /* FaceView.swift */ = {isa = PBXFileReference; fileEncoding = 4; lastKnownFileType = sourcecode.swift; path = FaceView.swift; sourceTree = "<group>"; };
		2262803F1D586234000252B3 /* Expression.swift */ = {isa = PBXFileReference; fileEncoding = 4; lastKnownFileType = sourcecode.swift; path = Expression.swift; sourceTree = "<group>"; };
/* End PBXFileReference section */

/* Begin PBXFrameworksBuildPhase section */
		223A3D6E1D5462FF00A87188 /* Frameworks */ = {
			isa = PBXFrameworksBuildPhase;
			buildActionMask = 2147483647;
			files = (
			);
			runOnlyForDeploymentPostprocessing = 0;
		};
		223A3D821D54630000A87188 /* Frameworks */ = {
			isa = PBXFrameworksBuildPhase;
			buildActionMask = 2147483647;
			files = (
			);
			runOnlyForDeploymentPostprocessing = 0;
		};
		223A3D8D1D54630000A87188 /* Frameworks */ = {
			isa = PBXFrameworksBuildPhase;
			buildActionMask = 2147483647;
			files = (
			);
			runOnlyForDeploymentPostprocessing = 0;
		};
/* End PBXFrameworksBuildPhase section */

/* Begin PBXGroup section */
		223A3D681D5462FF00A87188 = {
			isa = PBXGroup;
			children = (
				223A3D731D5462FF00A87188 /* Face */,
				223A3D881D54630000A87188 /* FaceTests */,
				223A3D931D54630000A87188 /* FaceUITests */,
				223A3D721D5462FF00A87188 /* Products */,
			);
			sourceTree = "<group>";
		};
		223A3D721D5462FF00A87188 /* Products */ = {
			isa = PBXGroup;
			children = (
				223A3D711D5462FF00A87188 /* Face.app */,
				223A3D851D54630000A87188 /* FaceTests.xctest */,
				223A3D901D54630000A87188 /* FaceUITests.xctest */,
			);
			name = Products;
			sourceTree = "<group>";
		};
		223A3D731D5462FF00A87188 /* Face */ = {
			isa = PBXGroup;
			children = (
				223A3D741D5462FF00A87188 /* AppDelegate.swift */,
				223A3D761D5462FF00A87188 /* ViewController.swift */,
				223A3D781D5462FF00A87188 /* Main.storyboard */,
				223A3D7B1D5462FF00A87188 /* Assets.xcassets */,
				223A3D7D1D5462FF00A87188 /* LaunchScreen.storyboard */,
				223A3D801D5462FF00A87188 /* Info.plist */,
				223A3DA21D54635000A87188 /* FaceView.swift */,
				2262803F1D586234000252B3 /* Expression.swift */,
			);
			path = Face;
			sourceTree = "<group>";
		};
		223A3D881D54630000A87188 /* FaceTests */ = {
			isa = PBXGroup;
			children = (
				223A3D891D54630000A87188 /* FaceTests.swift */,
				223A3D8B1D54630000A87188 /* Info.plist */,
			);
			path = FaceTests;
			sourceTree = "<group>";
		};
		223A3D931D54630000A87188 /* FaceUITests */ = {
			isa = PBXGroup;
			children = (
				223A3D941D54630000A87188 /* FaceUITests.swift */,
				223A3D961D54630000A87188 /* Info.plist */,
			);
			path = FaceUITests;
			sourceTree = "<group>";
		};
/* End PBXGroup section */

/* Begin PBXNativeTarget section */
		223A3D701D5462FF00A87188 /* Face */ = {
			isa = PBXNativeTarget;
			buildConfigurationList = 223A3D991D54630000A87188 /* Build configuration list for PBXNativeTarget "Face" */;
			buildPhases = (
				223A3D6D1D5462FF00A87188 /* Sources */,
				223A3D6E1D5462FF00A87188 /* Frameworks */,
				223A3D6F1D5462FF00A87188 /* Resources */,
			);
			buildRules = (
			);
			dependencies = (
			);
			name = Face;
			productName = Face;
			productReference = 223A3D711D5462FF00A87188 /* Face.app */;
			productType = "com.apple.product-type.application";
		};
		223A3D841D54630000A87188 /* FaceTests */ = {
			isa = PBXNativeTarget;
			buildConfigurationList = 223A3D9C1D54630000A87188 /* Build configuration list for PBXNativeTarget "FaceTests" */;
			buildPhases = (
				223A3D811D54630000A87188 /* Sources */,
				223A3D821D54630000A87188 /* Frameworks */,
				223A3D831D54630000A87188 /* Resources */,
			);
			buildRules = (
			);
			dependencies = (
				223A3D871D54630000A87188 /* PBXTargetDependency */,
			);
			name = FaceTests;
			productName = FaceTests;
			productReference = 223A3D851D54630000A87188 /* FaceTests.xctest */;
			productType = "com.apple.product-type.bundle.unit-test";
		};
		223A3D8F1D54630000A87188 /* FaceUITests */ = {
			isa = PBXNativeTarget;
			buildConfigurationList = 223A3D9F1D54630000A87188 /* Build configuration list for PBXNativeTarget "FaceUITests" */;
			buildPhases = (
				223A3D8C1D54630000A87188 /* Sources */,
				223A3D8D1D54630000A87188 /* Frameworks */,
				223A3D8E1D54630000A87188 /* Resources */,
			);
			buildRules = (
			);
			dependencies = (
				223A3D921D54630000A87188 /* PBXTargetDependency */,
			);
			name = FaceUITests;
			productName = FaceUITests;
			productReference = 223A3D901D54630000A87188 /* FaceUITests.xctest */;
			productType = "com.apple.product-type.bundle.ui-testing";
		};
/* End PBXNativeTarget section */

/* Begin PBXProject section */
		223A3D691D5462FF00A87188 /* Project object */ = {
			isa = PBXProject;
			attributes = {
				LastSwiftUpdateCheck = 0730;
				LastUpgradeCheck = 0730;
				ORGANIZATIONNAME = "SHUAI SHAO";
				TargetAttributes = {
					223A3D701D5462FF00A87188 = {
						CreatedOnToolsVersion = 7.3.1;
						DevelopmentTeam = DA9X37GALQ;
					};
					223A3D841D54630000A87188 = {
						CreatedOnToolsVersion = 7.3.1;
						TestTargetID = 223A3D701D5462FF00A87188;
					};
					223A3D8F1D54630000A87188 = {
						CreatedOnToolsVersion = 7.3.1;
						TestTargetID = 223A3D701D5462FF00A87188;
					};
				};
			};
			buildConfigurationList = 223A3D6C1D5462FF00A87188 /* Build configuration list for PBXProject "Face" */;
			compatibilityVersion = "Xcode 3.2";
			developmentRegion = English;
			hasScannedForEncodings = 0;
			knownRegions = (
				en,
				Base,
			);
			mainGroup = 223A3D681D5462FF00A87188;
			productRefGroup = 223A3D721D5462FF00A87188 /* Products */;
			projectDirPath = "";
			projectRoot = "";
			targets = (
				223A3D701D5462FF00A87188 /* Face */,
				223A3D841D54630000A87188 /* FaceTests */,
				223A3D8F1D54630000A87188 /* FaceUITests */,
			);
		};
/* End PBXProject section */

/* Begin PBXResourcesBuildPhase section */
		223A3D6F1D5462FF00A87188 /* Resources */ = {
			isa = PBXResourcesBuildPhase;
			buildActionMask = 2147483647;
			files = (
				223A3D7F1D5462FF00A87188 /* LaunchScreen.storyboard in Resources */,
				223A3D7C1D5462FF00A87188 /* Assets.xcassets in Resources */,
				223A3D7A1D5462FF00A87188 /* Main.storyboard in Resources */,
			);
			runOnlyForDeploymentPostprocessing = 0;
		};
		223A3D831D54630000A87188 /* Resources */ = {
			isa = PBXResourcesBuildPhase;
			buildActionMask = 2147483647;
			files = (
			);
			runOnlyForDeploymentPostprocessing = 0;
		};
		223A3D8E1D54630000A87188 /* Resources */ = {
			isa = PBXResourcesBuildPhase;
			buildActionMask = 2147483647;
			files = (
			);
			runOnlyForDeploymentPostprocessing = 0;
		};
/* End PBXResourcesBuildPhase section */

/* Begin PBXSourcesBuildPhase section */
		223A3D6D1D5462FF00A87188 /* Sources */ = {
			isa = PBXSourcesBuildPhase;
			buildActionMask = 2147483647;
			files = (
				223A3D771D5462FF00A87188 /* ViewController.swift in Sources */,
				223A3D751D5462FF00A87188 /* AppDelegate.swift in Sources */,
				223A3DA31D54635000A87188 /* FaceView.swift in Sources */,
				226280401D586234000252B3 /* Expression.swift in Sources */,
			);
			runOnlyForDeploymentPostprocessing = 0;
		};
		223A3D811D54630000A87188 /* Sources */ = {
			isa = PBXSourcesBuildPhase;
			buildActionMask = 2147483647;
			files = (
				223A3D8A1D54630000A87188 /* FaceTests.swift in Sources */,
			);
			runOnlyForDeploymentPostprocessing = 0;
		};
		223A3D8C1D54630000A87188 /* Sources */ = {
			isa = PBXSourcesBuildPhase;
			buildActionMask = 2147483647;
			files = (
				223A3D951D54630000A87188 /* FaceUITests.swift in Sources */,
			);
			runOnlyForDeploymentPostprocessing = 0;
		};
/* End PBXSourcesBuildPhase section */

/* Begin PBXTargetDependency section */
		223A3D871D54630000A87188 /* PBXTargetDependency */ = {
			isa = PBXTargetDependency;
			target = 223A3D701D5462FF00A87188 /* Face */;
			targetProxy = 223A3D861D54630000A87188 /* PBXContainerItemProxy */;
		};
		223A3D921D54630000A87188 /* PBXTargetDependency */ = {
			isa = PBXTargetDependency;
			target = 223A3D701D5462FF00A87188 /* Face */;
			targetProxy = 223A3D911D54630000A87188 /* PBXContainerItemProxy */;
		};
/* End PBXTargetDependency section */

/* Begin PBXVariantGroup section */
		223A3D781D5462FF00A87188 /* Main.storyboard */ = {
			isa = PBXVariantGroup;
			children = (
				223A3D791D5462FF00A87188 /* Base */,
			);
			name = Main.storyboard;
			sourceTree = "<group>";
		};
		223A3D7D1D5462FF00A87188 /* LaunchScreen.storyboard */ = {
			isa = PBXVariantGroup;
			children = (
				223A3D7E1D5462FF00A87188 /* Base */,
			);
			name = LaunchScreen.storyboard;
			sourceTree = "<group>";
		};
/* End PBXVariantGroup section */

/* Begin XCBuildConfiguration section */
		223A3D971D54630000A87188 /* Debug */ = {
			isa = XCBuildConfiguration;
			buildSettings = {
				ALWAYS_SEARCH_USER_PATHS = NO;
				CLANG_ANALYZER_NONNULL = YES;
				CLANG_CXX_LANGUAGE_STANDARD = "gnu++0x";
				CLANG_CXX_LIBRARY = "libc++";
				CLANG_ENABLE_MODULES = YES;
				CLANG_ENABLE_OBJC_ARC = YES;
				CLANG_WARN_BOOL_CONVERSION = YES;
				CLANG_WARN_CONSTANT_CONVERSION = YES;
				CLANG_WARN_DIRECT_OBJC_ISA_USAGE = YES_ERROR;
				CLANG_WARN_EMPTY_BODY = YES;
				CLANG_WARN_ENUM_CONVERSION = YES;
				CLANG_WARN_INT_CONVERSION = YES;
				CLANG_WARN_OBJC_ROOT_CLASS = YES_ERROR;
				CLANG_WARN_UNREACHABLE_CODE = YES;
				CLANG_WARN__DUPLICATE_METHOD_MATCH = YES;
				"CODE_SIGN_IDENTITY[sdk=iphoneos*]" = "iPhone Developer";
				COPY_PHASE_STRIP = NO;
				DEBUG_INFORMATION_FORMAT = dwarf;
				ENABLE_STRICT_OBJC_MSGSEND = YES;
				ENABLE_TESTABILITY = YES;
				GCC_C_LANGUAGE_STANDARD = gnu99;
				GCC_DYNAMIC_NO_PIC = NO;
				GCC_NO_COMMON_BLOCKS = YES;
				GCC_OPTIMIZATION_LEVEL = 0;
				GCC_PREPROCESSOR_DEFINITIONS = (
					"DEBUG=1",
					"$(inherited)",
				);
				GCC_WARN_64_TO_32_BIT_CONVERSION = YES;
				GCC_WARN_ABOUT_RETURN_TYPE = YES_ERROR;
				GCC_WARN_UNDECLARED_SELECTOR = YES;
				GCC_WARN_UNINITIALIZED_AUTOS = YES_AGGRESSIVE;
				GCC_WARN_UNUSED_FUNCTION = YES;
				GCC_WARN_UNUSED_VARIABLE = YES;
				IPHONEOS_DEPLOYMENT_TARGET = 9.3;
				MTL_ENABLE_DEBUG_INFO = YES;
				ONLY_ACTIVE_ARCH = YES;
				SDKROOT = iphoneos;
				SWIFT_OPTIMIZATION_LEVEL = "-Onone";
				TARGETED_DEVICE_FAMILY = "1,2";
			};
			name = Debug;
		};
		223A3D981D54630000A87188 /* Release */ = {
			isa = XCBuildConfiguration;
			buildSettings = {
				ALWAYS_SEARCH_USER_PATHS = NO;
				CLANG_ANALYZER_NONNULL = YES;
				CLANG_CXX_LANGUAGE_STANDARD = "gnu++0x";
				CLANG_CXX_LIBRARY = "libc++";
				CLANG_ENABLE_MODULES = YES;
				CLANG_ENABLE_OBJC_ARC = YES;
				CLANG_WARN_BOOL_CONVERSION = YES;
				CLANG_WARN_CONSTANT_CONVERSION = YES;
				CLANG_WARN_DIRECT_OBJC_ISA_USAGE = YES_ERROR;
				CLANG_WARN_EMPTY_BODY = YES;
				CLANG_WARN_ENUM_CONVERSION = YES;
				CLANG_WARN_INT_CONVERSION = YES;
				CLANG_WARN_OBJC_ROOT_CLASS = YES_ERROR;
				CLANG_WARN_UNREACHABLE_CODE = YES;
				CLANG_WARN__DUPLICATE_METHOD_MATCH = YES;
				"CODE_SIGN_IDENTITY[sdk=iphoneos*]" = "iPhone Developer";
				COPY_PHASE_STRIP = NO;
				DEBUG_INFORMATION_FORMAT = "dwarf-with-dsym";
				ENABLE_NS_ASSERTIONS = NO;
				ENABLE_STRICT_OBJC_MSGSEND = YES;
				GCC_C_LANGUAGE_STANDARD = gnu99;
				GCC_NO_COMMON_BLOCKS = YES;
				GCC_WARN_64_TO_32_BIT_CONVERSION = YES;
				GCC_WARN_ABOUT_RETURN_TYPE = YES_ERROR;
				GCC_WARN_UNDECLARED_SELECTOR = YES;
				GCC_WARN_UNINITIALIZED_AUTOS = YES_AGGRESSIVE;
				GCC_WARN_UNUSED_FUNCTION = YES;
				GCC_WARN_UNUSED_VARIABLE = YES;
				IPHONEOS_DEPLOYMENT_TARGET = 9.3;
				MTL_ENABLE_DEBUG_INFO = NO;
				SDKROOT = iphoneos;
				TARGETED_DEVICE_FAMILY = "1,2";
				VALIDATE_PRODUCT = YES;
			};
			name = Release;
		};
		223A3D9A1D54630000A87188 /* Debug */ = {
			isa = XCBuildConfiguration;
			buildSettings = {
				ASSETCATALOG_COMPILER_APPICON_NAME = AppIcon;
				CODE_SIGN_IDENTITY = "iPhone Developer";
				INFOPLIST_FILE = Face/Info.plist;
				LD_RUNPATH_SEARCH_PATHS = "$(inherited) @executable_path/Frameworks";
				PRODUCT_BUNDLE_IDENTIFIER = com.tongli.Face;
				PRODUCT_NAME = "$(TARGET_NAME)";
			};
			name = Debug;
		};
		223A3D9B1D54630000A87188 /* Release */ = {
			isa = XCBuildConfiguration;
			buildSettings = {
				ASSETCATALOG_COMPILER_APPICON_NAME = AppIcon;
				CODE_SIGN_IDENTITY = "iPhone Developer";
				INFOPLIST_FILE = Face/Info.plist;
				LD_RUNPATH_SEARCH_PATHS = "$(inherited) @executable_path/Frameworks";
				PRODUCT_BUNDLE_IDENTIFIER = com.tongli.Face;
				PRODUCT_NAME = "$(TARGET_NAME)";
			};
			name = Release;
		};
		223A3D9D1D54630000A87188 /* Debug */ = {
			isa = XCBuildConfiguration;
			buildSettings = {
				BUNDLE_LOADER = "$(TEST_HOST)";
				INFOPLIST_FILE = FaceTests/Info.plist;
				LD_RUNPATH_SEARCH_PATHS = "$(inherited) @executable_path/Frameworks @loader_path/Frameworks";
				PRODUCT_BUNDLE_IDENTIFIER = Shuai.FaceTests;
				PRODUCT_NAME = "$(TARGET_NAME)";
				TEST_HOST = "$(BUILT_PRODUCTS_DIR)/Face.app/Face";
			};
			name = Debug;
		};
		223A3D9E1D54630000A87188 /* Release */ = {
			isa = XCBuildConfiguration;
			buildSettings = {
				BUNDLE_LOADER = "$(TEST_HOST)";
				INFOPLIST_FILE = FaceTests/Info.plist;
				LD_RUNPATH_SEARCH_PATHS = "$(inherited) @executable_path/Frameworks @loader_path/Frameworks";
				PRODUCT_BUNDLE_IDENTIFIER = Shuai.FaceTests;
				PRODUCT_NAME = "$(TARGET_NAME)";
				TEST_HOST = "$(BUILT_PRODUCTS_DIR)/Face.app/Face";
			};
			name = Release;
		};
		223A3DA01D54630000A87188 /* Debug */ = {
			isa = XCBuildConfiguration;
			buildSettings = {
				INFOPLIST_FILE = FaceUITests/Info.plist;
				LD_RUNPATH_SEARCH_PATHS = "$(inherited) @executable_path/Frameworks @loader_path/Frameworks";
				PRODUCT_BUNDLE_IDENTIFIER = Shuai.FaceUITests;
				PRODUCT_NAME = "$(TARGET_NAME)";
				TEST_TARGET_NAME = Face;
			};
			name = Debug;
		};
		223A3DA11D54630000A87188 /* Release */ = {
			isa = XCBuildConfiguration;
			buildSettings = {
				INFOPLIST_FILE = FaceUITests/Info.plist;
				LD_RUNPATH_SEARCH_PATHS = "$(inherited) @executable_path/Frameworks @loader_path/Frameworks";
				PRODUCT_BUNDLE_IDENTIFIER = Shuai.FaceUITests;
				PRODUCT_NAME = "$(TARGET_NAME)";
				TEST_TARGET_NAME = Face;
			};
			name = Release;
		};
/* End XCBuildConfiguration section */

/* Begin XCConfigurationList section */
		223A3D6C1D5462FF00A87188 /* Build configuration list for PBXProject "Face" */ = {
			isa = XCConfigurationList;
			buildConfigurations = (
				223A3D971D54630000A87188 /* Debug */,
				223A3D981D54630000A87188 /* Release */,
			);
			defaultConfigurationIsVisible = 0;
			defaultConfigurationName = Release;
		};
		223A3D991D54630000A87188 /* Build configuration list for PBXNativeTarget "Face" */ = {
			isa = XCConfigurationList;
			buildConfigurations = (
				223A3D9A1D54630000A87188 /* Debug */,
				223A3D9B1D54630000A87188 /* Release */,
			);
			defaultConfigurationIsVisible = 0;
			defaultConfigurationName = Release;
		};
		223A3D9C1D54630000A87188 /* Build configuration list for PBXNativeTarget "FaceTests" */ = {
			isa = XCConfigurationList;
			buildConfigurations = (
				223A3D9D1D54630000A87188 /* Debug */,
				223A3D9E1D54630000A87188 /* Release */,
			);
			defaultConfigurationIsVisible = 0;
			defaultConfigurationName = Release;
		};
		223A3D9F1D54630000A87188 /* Build configuration list for PBXNativeTarget "FaceUITests" */ = {
			isa = XCConfigurationList;
			buildConfigurations = (
				223A3DA01D54630000A87188 /* Debug */,
				223A3DA11D54630000A87188 /* Release */,
			);
			defaultConfigurationIsVisible = 0;
			defaultConfigurationName = Release;
		};
/* End XCConfigurationList section */
	};
	rootObject = 223A3D691D5462FF00A87188 /* Project object */;
}
